{
  "version": 4,
  "terraform_version": "1.10.4",
  "serial": 22,
  "lineage": "2873c271-853a-c73c-c3e3-0f735dd433c1",
  "outputs": {},
  "resources": [
    {
      "mode": "managed",
      "type": "vault_auth_backend",
      "name": "userpass_dev1",
      "provider": "provider[\"registry.terraform.io/hashicorp/vault\"]",
      "instances": [
        {
          "schema_version": 1,
          "attributes": {
            "accessor": "auth_userpass_a25d6f87",
            "description": "",
            "disable_remount": false,
            "id": "dev1",
            "identity_token_key": null,
            "local": false,
            "namespace": null,
            "path": "dev1",
            "tune": [],
            "type": "userpass"
          },
          "sensitive_attributes": [],
          "private": "eyJzY2hlbWFfdmVyc2lvbiI6IjEifQ=="
        }
      ]
    },
    {
      "mode": "managed",
      "type": "vault_auth_backend",
      "name": "userpass_dev2",
      "provider": "provider[\"registry.terraform.io/hashicorp/vault\"]",
      "instances": [
        {
          "schema_version": 1,
          "attributes": {
            "accessor": "auth_userpass_cc5a7991",
            "description": "",
            "disable_remount": false,
            "id": "dev2",
            "identity_token_key": null,
            "local": false,
            "namespace": null,
            "path": "dev2",
            "tune": [],
            "type": "userpass"
          },
          "sensitive_attributes": [],
          "private": "eyJzY2hlbWFfdmVyc2lvbiI6IjEifQ=="
        }
      ]
    },
    {
      "mode": "managed",
      "type": "vault_auth_backend",
      "name": "userpass_dev3",
      "provider": "provider[\"registry.terraform.io/hashicorp/vault\"]",
      "instances": [
        {
          "schema_version": 1,
          "attributes": {
            "accessor": "auth_userpass_fd14f80a",
            "description": "",
            "disable_remount": false,
            "id": "dev3",
            "identity_token_key": null,
            "local": false,
            "namespace": null,
            "path": "dev3",
            "tune": [],
            "type": "userpass"
          },
          "sensitive_attributes": [],
          "private": "eyJzY2hlbWFfdmVyc2lvbiI6IjEifQ=="
        }
      ]
    },
    {
      "mode": "managed",
      "type": "vault_kv_secret_v2",
      "name": "kvv2-dev1-master-secret",
      "provider": "provider[\"registry.terraform.io/hashicorp/vault\"]",
      "instances": [
        {
          "schema_version": 0,
          "attributes": {
            "cas": null,
            "custom_metadata": [
              {
                "cas_required": false,
                "data": {},
                "delete_version_after": 0,
                "max_versions": 0
              }
            ],
            "data": {
              "password": "password",
              "username": "master-admin"
            },
            "data_json": "{\"password\":\"password\",\"username\":\"master-admin\"}",
            "delete_all_versions": false,
            "disable_read": false,
            "id": "kvv2-dev1/data/aws-master-account",
            "metadata": {
              "created_time": "2025-01-18T16:58:43.511649Z",
              "custom_metadata": "null",
              "deletion_time": "",
              "destroyed": "false",
              "version": "1"
            },
            "mount": "kvv2-dev1",
            "name": "aws-master-account",
            "namespace": null,
            "options": null,
            "path": "kvv2-dev1/data/aws-master-account"
          },
          "sensitive_attributes": [
            [
              {
                "type": "get_attr",
                "value": "data"
              }
            ],
            [
              {
                "type": "get_attr",
                "value": "data_json"
              }
            ]
          ],
          "private": "bnVsbA==",
          "dependencies": [
            "vault_mount.dev1-kvv2-mount"
          ]
        }
      ]
    },
    {
      "mode": "managed",
      "type": "vault_mount",
      "name": "dev1-kvv2-mount",
      "provider": "provider[\"registry.terraform.io/hashicorp/vault\"]",
      "instances": [
        {
          "schema_version": 0,
          "attributes": {
            "accessor": "kv_a7df3358",
            "allowed_managed_keys": [],
            "allowed_response_headers": [],
            "audit_non_hmac_request_keys": [],
            "audit_non_hmac_response_keys": [],
            "default_lease_ttl_seconds": 0,
            "delegated_auth_accessors": null,
            "description": "This is dev1 kvv2 mount secret engine",
            "external_entropy_access": false,
            "id": "kvv2-dev1",
            "identity_token_key": "",
            "listing_visibility": "",
            "local": false,
            "max_lease_ttl_seconds": 0,
            "namespace": null,
            "options": {},
            "passthrough_request_headers": [],
            "path": "kvv2-dev1",
            "plugin_version": null,
            "seal_wrap": false,
            "type": "kv-v2"
          },
          "sensitive_attributes": [],
          "private": "bnVsbA=="
        }
      ]
    },
    {
      "mode": "managed",
      "type": "vault_mount",
      "name": "dev2-kvv2-mount",
      "provider": "provider[\"registry.terraform.io/hashicorp/vault\"]",
      "instances": [
        {
          "schema_version": 0,
          "attributes": {
            "accessor": "kv_80322f32",
            "allowed_managed_keys": [],
            "allowed_response_headers": [],
            "audit_non_hmac_request_keys": [],
            "audit_non_hmac_response_keys": [],
            "default_lease_ttl_seconds": 0,
            "delegated_auth_accessors": null,
            "description": "This is dev2 kvv2 mount secret engine",
            "external_entropy_access": false,
            "id": "kvv2-dev2",
            "identity_token_key": "",
            "listing_visibility": "",
            "local": false,
            "max_lease_ttl_seconds": 0,
            "namespace": null,
            "options": {},
            "passthrough_request_headers": [],
            "path": "kvv2-dev2",
            "plugin_version": null,
            "seal_wrap": false,
            "type": "kv-v2"
          },
          "sensitive_attributes": [],
          "private": "bnVsbA=="
        }
      ]
    },
    {
      "mode": "managed",
      "type": "vault_policy",
      "name": "dev1_policy",
      "provider": "provider[\"registry.terraform.io/hashicorp/vault\"]",
      "instances": [
        {
          "schema_version": 0,
          "attributes": {
            "id": "dev1-policy",
            "name": "dev1-policy",
            "namespace": null,
            "policy": "    path \"kvv2-dev1/*\" {\n    capabilities = [\"read\", \"list\"]\n    }\n"
          },
          "sensitive_attributes": [],
          "private": "bnVsbA=="
        }
      ]
    },
    {
      "mode": "managed",
      "type": "vault_policy",
      "name": "dev2_policy",
      "provider": "provider[\"registry.terraform.io/hashicorp/vault\"]",
      "instances": [
        {
          "schema_version": 0,
          "attributes": {
            "id": "dev2-policy",
            "name": "dev2-policy",
            "namespace": null,
            "policy": "path \"kvv2-dev2/*\" {\n  capabilities = [\"read\", \"list\"]\n}\n"
          },
          "sensitive_attributes": [],
          "private": "bnVsbA=="
        }
      ]
    },
    {
      "mode": "managed",
      "type": "vault_policy",
      "name": "dev3_policy",
      "provider": "provider[\"registry.terraform.io/hashicorp/vault\"]",
      "instances": [
        {
          "schema_version": 0,
          "attributes": {
            "id": "dev3-policy",
            "name": "dev3-policy",
            "namespace": null,
            "policy": "path \"kvv2-dev3/*\" {\n  capabilities = [\"read\", \"list\"]\n}\n"
          },
          "sensitive_attributes": [],
          "private": "bnVsbA=="
        }
      ]
    }
  ],
  "check_results": null
}
